# This file is automatically @generated by Cargo.
# It is not intended for manual editing.
version = 4

[[package]]
name = "raptor-config"
version = "0.1.0"

[[package]]
name = "raptor-ffi"
version = "0.1.0"
dependencies = [
 "raptor-config",
 "raptor-mesh",
 "raptor-shader",
]

[[package]]
name = "raptor-mesh"
version = "0.1.0"

[[package]]
name = "raptor-shader"
version = "0.1.0"
